
Microsoft Visual Studio Solution File, Format Version 12.00
# Visual Studio Version 17
VisualStudioVersion = 17.0.31903.59
MinimumVisualStudioVersion = 10.0.40219.1
Project("{2150E333-8FDC-42A3-9474-1A3956D46DE8}") = "Solution Items", "Solution Items", "{1BAB2098-7872-4045-9A46-5B6DCEBD2509}"
	ProjectSection(SolutionItems) = preProject
		global.json = global.json
		Directory.Packages.props = Directory.Packages.props
		README.md = README.md
	EndProjectSection
EndProject
Project("{2150E333-8FDC-42A3-9474-1A3956D46DE8}") = "src", "src", "{827E0CD3-B72D-47B6-A68D-7590B98EB39B}"
EndProject
Project("{FAE04EC0-301F-11D3-BF4B-00C04F79EFBC}") = "SharpMud.Engine", "src\SharpMud.Engine\SharpMud.Engine.csproj", "{065B139F-EA38-402B-846B-F814499950D6}"
EndProject
Project("{FAE04EC0-301F-11D3-BF4B-00C04F79EFBC}") = "SharpMud.Persistence", "src\SharpMud.Persistence\SharpMud.Persistence.csproj", "{3E252D57-62D1-4564-8FE3-D57A8C47474F}"
EndProject
Project("{FAE04EC0-301F-11D3-BF4B-00C04F79EFBC}") = "SharpMud.Adapters.Cli", "src\SharpMud.Adapters.Cli\SharpMud.Adapters.Cli.csproj", "{D7065102-C423-40A3-8732-09FDFC442CD9}"
EndProject
Project("{FAE04EC0-301F-11D3-BF4B-00C04F79EFBC}") = "SharpMud.Adapters.Telnet", "src\SharpMud.Adapters.Telnet\SharpMud.Adapters.Telnet.csproj", "{CF961EFD-ADB5-4AE0-B28B-3245807CA18D}"
EndProject
Project("{FAE04EC0-301F-11D3-BF4B-00C04F79EFBC}") = "SharpMud.Host", "src\SharpMud.Host\SharpMud.Host.csproj", "{B405F1B7-B4B8-4959-A487-C1BB6E401C44}"
EndProject
Project("{FAE04EC0-301F-11D3-BF4B-00C04F79EFBC}") = "SharpMud.Ruleset.Classic", "src\SharpMud.Ruleset.Classic\SharpMud.Ruleset.Classic.csproj", "{9766807E-D6EE-4FC5-9DFE-0D8C2B81F524}"
EndProject
Project("{2150E333-8FDC-42A3-9474-1A3956D46DE8}") = "tests", "tests", "{0AB3BF05-4346-4AA6-1389-037BE0695223}"
EndProject
Project("{FAE04EC0-301F-11D3-BF4B-00C04F79EFBC}") = "SharpMud.Engine.Tests", "tests\SharpMud.Engine.Tests\SharpMud.Engine.Tests.csproj", "{8688D6B8-7CD4-48C3-A334-09173BB11951}"
EndProject
Project("{FAE04EC0-301F-11D3-BF4B-00C04F79EFBC}") = "SharpMud.Persistence.Tests", "tests\SharpMud.Persistence.Tests\SharpMud.Persistence.Tests.csproj", "{54C45772-2607-4567-BC5B-A003B362E053}"
EndProject
Project("{FAE04EC0-301F-11D3-BF4B-00C04F79EFBC}") = "SharpMud.Ruleset.Classic.Tests", "tests\SharpMud.Ruleset.Classic.Tests\SharpMud.Ruleset.Classic.Tests.csproj", "{417FF818-BF26-4530-810C-99CD4A11D090}"
EndProject
Project("{FAE04EC0-301F-11D3-BF4B-00C04F79EFBC}") = "SharpMud.Host.Tests", "tests\SharpMud.Host.Tests\SharpMud.Host.Tests.csproj", "{2E39062A-C0B1-41D6-ABFA-58B6A1D0D957}"
EndProject
Project("{FAE04EC0-301F-11D3-BF4B-00C04F79EFBC}") = "SharpMud.Adapters.Telnet.Tests", "tests\SharpMud.Adapters.Telnet.Tests\SharpMud.Adapters.Telnet.Tests.csproj", "{BDC3FD1B-0C6D-4EF0-9003-0298DD0FAEDF}"
EndProject
Global
	GlobalSection(SolutionConfigurationPlatforms) = preSolution
		Debug|Any CPU = Debug|Any CPU
		Debug|x64 = Debug|x64
		Debug|x86 = Debug|x86
		Release|Any CPU = Release|Any CPU
		Release|x64 = Release|x64
		Release|x86 = Release|x86
	EndGlobalSection
	GlobalSection(ProjectConfigurationPlatforms) = postSolution
		{065B139F-EA38-402B-846B-F814499950D6}.Debug|Any CPU.ActiveCfg = Debug|Any CPU
		{065B139F-EA38-402B-846B-F814499950D6}.Debug|Any CPU.Build.0 = Debug|Any CPU
		{065B139F-EA38-402B-846B-F814499950D6}.Debug|x64.ActiveCfg = Debug|Any CPU
		{065B139F-EA38-402B-846B-F814499950D6}.Debug|x64.Build.0 = Debug|Any CPU
		{065B139F-EA38-402B-846B-F814499950D6}.Debug|x86.ActiveCfg = Debug|Any CPU
		{065B139F-EA38-402B-846B-F814499950D6}.Debug|x86.Build.0 = Debug|Any CPU
		{065B139F-EA38-402B-846B-F814499950D6}.Release|Any CPU.ActiveCfg = Release|Any CPU
		{065B139F-EA38-402B-846B-F814499950D6}.Release|Any CPU.Build.0 = Release|Any CPU
		{065B139F-EA38-402B-846B-F814499950D6}.Release|x64.ActiveCfg = Release|Any CPU
		{065B139F-EA38-402B-846B-F814499950D6}.Release|x64.Build.0 = Release|Any CPU
		{065B139F-EA38-402B-846B-F814499950D6}.Release|x86.ActiveCfg = Release|Any CPU
		{065B139F-EA38-402B-846B-F814499950D6}.Release|x86.Build.0 = Release|Any CPU
		{3E252D57-62D1-4564-8FE3-D57A8C47474F}.Debug|Any CPU.ActiveCfg = Debug|Any CPU
		{3E252D57-62D1-4564-8FE3-D57A8C47474F}.Debug|Any CPU.Build.0 = Debug|Any CPU
		{3E252D57-62D1-4564-8FE3-D57A8C47474F}.Debug|x64.ActiveCfg = Debug|Any CPU
		{3E252D57-62D1-4564-8FE3-D57A8C47474F}.Debug|x64.Build.0 = Debug|Any CPU
		{3E252D57-62D1-4564-8FE3-D57A8C47474F}.Debug|x86.ActiveCfg = Debug|Any CPU
		{3E252D57-62D1-4564-8FE3-D57A8C47474F}.Debug|x86.Build.0 = Debug|Any CPU
		{3E252D57-62D1-4564-8FE3-D57A8C47474F}.Release|Any CPU.ActiveCfg = Release|Any CPU
		{3E252D57-62D1-4564-8FE3-D57A8C47474F}.Release|Any CPU.Build.0 = Release|Any CPU
		{3E252D57-62D1-4564-8FE3-D57A8C47474F}.Release|x64.ActiveCfg = Release|Any CPU
		{3E252D57-62D1-4564-8FE3-D57A8C47474F}.Release|x64.Build.0 = Release|Any CPU
		{3E252D57-62D1-4564-8FE3-D57A8C47474F}.Release|x86.ActiveCfg = Release|Any CPU
		{3E252D57-62D1-4564-8FE3-D57A8C47474F}.Release|x86.Build.0 = Release|Any CPU
		{D7065102-C423-40A3-8732-09FDFC442CD9}.Debug|Any CPU.ActiveCfg = Debug|Any CPU
		{D7065102-C423-40A3-8732-09FDFC442CD9}.Debug|Any CPU.Build.0 = Debug|Any CPU
		{D7065102-C423-40A3-8732-09FDFC442CD9}.Debug|x64.ActiveCfg = Debug|Any CPU
		{D7065102-C423-40A3-8732-09FDFC442CD9}.Debug|x64.Build.0 = Debug|Any CPU
		{D7065102-C423-40A3-8732-09FDFC442CD9}.Debug|x86.ActiveCfg = Debug|Any CPU
		{D7065102-C423-40A3-8732-09FDFC442CD9}.Debug|x86.Build.0 = Debug|Any CPU
		{D7065102-C423-40A3-8732-09FDFC442CD9}.Release|Any CPU.ActiveCfg = Release|Any CPU
		{D7065102-C423-40A3-8732-09FDFC442CD9}.Release|Any CPU.Build.0 = Release|Any CPU
		{D7065102-C423-40A3-8732-09FDFC442CD9}.Release|x64.ActiveCfg = Release|Any CPU
		{D7065102-C423-40A3-8732-09FDFC442CD9}.Release|x64.Build.0 = Release|Any CPU
		{D7065102-C423-40A3-8732-09FDFC442CD9}.Release|x86.ActiveCfg = Release|Any CPU
		{D7065102-C423-40A3-8732-09FDFC442CD9}.Release|x86.Build.0 = Release|Any CPU
		{CF961EFD-ADB5-4AE0-B28B-3245807CA18D}.Debug|Any CPU.ActiveCfg = Debug|Any CPU
		{CF961EFD-ADB5-4AE0-B28B-3245807CA18D}.Debug|Any CPU.Build.0 = Debug|Any CPU
		{CF961EFD-ADB5-4AE0-B28B-3245807CA18D}.Debug|x64.ActiveCfg = Debug|Any CPU
		{CF961EFD-ADB5-4AE0-B28B-3245807CA18D}.Debug|x64.Build.0 = Debug|Any CPU
		{CF961EFD-ADB5-4AE0-B28B-3245807CA18D}.Debug|x86.ActiveCfg = Debug|Any CPU
		{CF961EFD-ADB5-4AE0-B28B-3245807CA18D}.Debug|x86.Build.0 = Debug|Any CPU
		{CF961EFD-ADB5-4AE0-B28B-3245807CA18D}.Release|Any CPU.ActiveCfg = Release|Any CPU
		{CF961EFD-ADB5-4AE0-B28B-3245807CA18D}.Release|Any CPU.Build.0 = Release|Any CPU
		{CF961EFD-ADB5-4AE0-B28B-3245807CA18D}.Release|x64.ActiveCfg = Release|Any CPU
		{CF961EFD-ADB5-4AE0-B28B-3245807CA18D}.Release|x64.Build.0 = Release|Any CPU
		{CF961EFD-ADB5-4AE0-B28B-3245807CA18D}.Release|x86.ActiveCfg = Release|Any CPU
		{CF961EFD-ADB5-4AE0-B28B-3245807CA18D}.Release|x86.Build.0 = Release|Any CPU
		{B405F1B7-B4B8-4959-A487-C1BB6E401C44}.Debug|Any CPU.ActiveCfg = Debug|Any CPU
		{B405F1B7-B4B8-4959-A487-C1BB6E401C44}.Debug|Any CPU.Build.0 = Debug|Any CPU
		{B405F1B7-B4B8-4959-A487-C1BB6E401C44}.Debug|x64.ActiveCfg = Debug|Any CPU
		{B405F1B7-B4B8-4959-A487-C1BB6E401C44}.Debug|x64.Build.0 = Debug|Any CPU
		{B405F1B7-B4B8-4959-A487-C1BB6E401C44}.Debug|x86.ActiveCfg = Debug|Any CPU
		{B405F1B7-B4B8-4959-A487-C1BB6E401C44}.Debug|x86.Build.0 = Debug|Any CPU
		{B405F1B7-B4B8-4959-A487-C1BB6E401C44}.Release|Any CPU.ActiveCfg = Release|Any CPU
		{B405F1B7-B4B8-4959-A487-C1BB6E401C44}.Release|Any CPU.Build.0 = Release|Any CPU
		{B405F1B7-B4B8-4959-A487-C1BB6E401C44}.Release|x64.ActiveCfg = Release|Any CPU
		{B405F1B7-B4B8-4959-A487-C1BB6E401C44}.Release|x64.Build.0 = Release|Any CPU
		{B405F1B7-B4B8-4959-A487-C1BB6E401C44}.Release|x86.ActiveCfg = Release|Any CPU
		{B405F1B7-B4B8-4959-A487-C1BB6E401C44}.Release|x86.Build.0 = Release|Any CPU
		{8688D6B8-7CD4-48C3-A334-09173BB11951}.Debug|Any CPU.ActiveCfg = Debug|Any CPU
		{8688D6B8-7CD4-48C3-A334-09173BB11951}.Debug|Any CPU.Build.0 = Debug|Any CPU
		{8688D6B8-7CD4-48C3-A334-09173BB11951}.Debug|x64.ActiveCfg = Debug|Any CPU
		{8688D6B8-7CD4-48C3-A334-09173BB11951}.Debug|x64.Build.0 = Debug|Any CPU
		{8688D6B8-7CD4-48C3-A334-09173BB11951}.Debug|x86.ActiveCfg = Debug|Any CPU
		{8688D6B8-7CD4-48C3-A334-09173BB11951}.Debug|x86.Build.0 = Debug|Any CPU
		{8688D6B8-7CD4-48C3-A334-09173BB11951}.Release|Any CPU.ActiveCfg = Release|Any CPU
		{8688D6B8-7CD4-48C3-A334-09173BB11951}.Release|Any CPU.Build.0 = Release|Any CPU
		{8688D6B8-7CD4-48C3-A334-09173BB11951}.Release|x64.ActiveCfg = Release|Any CPU
		{8688D6B8-7CD4-48C3-A334-09173BB11951}.Release|x64.Build.0 = Release|Any CPU
		{8688D6B8-7CD4-48C3-A334-09173BB11951}.Release|x86.ActiveCfg = Release|Any CPU
		{8688D6B8-7CD4-48C3-A334-09173BB11951}.Release|x86.Build.0 = Release|Any CPU
		{54C45772-2607-4567-BC5B-A003B362E053}.Debug|Any CPU.ActiveCfg = Debug|Any CPU
		{54C45772-2607-4567-BC5B-A003B362E053}.Debug|Any CPU.Build.0 = Debug|Any CPU
		{54C45772-2607-4567-BC5B-A003B362E053}.Debug|x64.ActiveCfg = Debug|Any CPU
		{54C45772-2607-4567-BC5B-A003B362E053}.Debug|x64.Build.0 = Debug|Any CPU
		{54C45772-2607-4567-BC5B-A003B362E053}.Debug|x86.ActiveCfg = Debug|Any CPU
		{54C45772-2607-4567-BC5B-A003B362E053}.Debug|x86.Build.0 = Debug|Any CPU
		{54C45772-2607-4567-BC5B-A003B362E053}.Release|Any CPU.ActiveCfg = Release|Any CPU
		{54C45772-2607-4567-BC5B-A003B362E053}.Release|Any CPU.Build.0 = Release|Any CPU
		{54C45772-2607-4567-BC5B-A003B362E053}.Release|x64.ActiveCfg = Release|Any CPU
		{54C45772-2607-4567-BC5B-A003B362E053}.Release|x64.Build.0 = Release|Any CPU
		{54C45772-2607-4567-BC5B-A003B362E053}.Release|x86.ActiveCfg = Release|Any CPU
		{54C45772-2607-4567-BC5B-A003B362E053}.Release|x86.Build.0 = Release|Any CPU
		{9766807E-D6EE-4FC5-9DFE-0D8C2B81F524}.Debug|Any CPU.ActiveCfg = Debug|Any CPU
		{9766807E-D6EE-4FC5-9DFE-0D8C2B81F524}.Debug|Any CPU.Build.0 = Debug|Any CPU
		{9766807E-D6EE-4FC5-9DFE-0D8C2B81F524}.Debug|x64.ActiveCfg = Debug|Any CPU
		{9766807E-D6EE-4FC5-9DFE-0D8C2B81F524}.Debug|x64.Build.0 = Debug|Any CPU
		{9766807E-D6EE-4FC5-9DFE-0D8C2B81F524}.Debug|x86.ActiveCfg = Debug|Any CPU
		{9766807E-D6EE-4FC5-9DFE-0D8C2B81F524}.Debug|x86.Build.0 = Debug|Any CPU
		{9766807E-D6EE-4FC5-9DFE-0D8C2B81F524}.Release|Any CPU.ActiveCfg = Release|Any CPU
		{9766807E-D6EE-4FC5-9DFE-0D8C2B81F524}.Release|Any CPU.Build.0 = Release|Any CPU
		{9766807E-D6EE-4FC5-9DFE-0D8C2B81F524}.Release|x64.ActiveCfg = Release|Any CPU
		{9766807E-D6EE-4FC5-9DFE-0D8C2B81F524}.Release|x64.Build.0 = Release|Any CPU
		{9766807E-D6EE-4FC5-9DFE-0D8C2B81F524}.Release|x86.ActiveCfg = Release|Any CPU
		{9766807E-D6EE-4FC5-9DFE-0D8C2B81F524}.Release|x86.Build.0 = Release|Any CPU
		{417FF818-BF26-4530-810C-99CD4A11D090}.Debug|Any CPU.ActiveCfg = Debug|Any CPU
		{417FF818-BF26-4530-810C-99CD4A11D090}.Debug|Any CPU.Build.0 = Debug|Any CPU
		{417FF818-BF26-4530-810C-99CD4A11D090}.Debug|x64.ActiveCfg = Debug|Any CPU
		{417FF818-BF26-4530-810C-99CD4A11D090}.Debug|x64.Build.0 = Debug|Any CPU
		{417FF818-BF26-4530-810C-99CD4A11D090}.Debug|x86.ActiveCfg = Debug|Any CPU
		{417FF818-BF26-4530-810C-99CD4A11D090}.Debug|x86.Build.0 = Debug|Any CPU
		{417FF818-BF26-4530-810C-99CD4A11D090}.Release|Any CPU.ActiveCfg = Release|Any CPU
		{417FF818-BF26-4530-810C-99CD4A11D090}.Release|Any CPU.Build.0 = Release|Any CPU
		{417FF818-BF26-4530-810C-99CD4A11D090}.Release|x64.ActiveCfg = Release|Any CPU
		{417FF818-BF26-4530-810C-99CD4A11D090}.Release|x64.Build.0 = Release|Any CPU
		{417FF818-BF26-4530-810C-99CD4A11D090}.Release|x86.ActiveCfg = Release|Any CPU
		{417FF818-BF26-4530-810C-99CD4A11D090}.Release|x86.Build.0 = Release|Any CPU
		{2E39062A-C0B1-41D6-ABFA-58B6A1D0D957}.Debug|Any CPU.ActiveCfg = Debug|Any CPU
		{2E39062A-C0B1-41D6-ABFA-58B6A1D0D957}.Debug|Any CPU.Build.0 = Debug|Any CPU
		{2E39062A-C0B1-41D6-ABFA-58B6A1D0D957}.Debug|x64.ActiveCfg = Debug|Any CPU
		{2E39062A-C0B1-41D6-ABFA-58B6A1D0D957}.Debug|x64.Build.0 = Debug|Any CPU
		{2E39062A-C0B1-41D6-ABFA-58B6A1D0D957}.Debug|x86.ActiveCfg = Debug|Any CPU
		{2E39062A-C0B1-41D6-ABFA-58B6A1D0D957}.Debug|x86.Build.0 = Debug|Any CPU
		{2E39062A-C0B1-41D6-ABFA-58B6A1D0D957}.Release|Any CPU.ActiveCfg = Release|Any CPU
		{2E39062A-C0B1-41D6-ABFA-58B6A1D0D957}.Release|Any CPU.Build.0 = Release|Any CPU
		{2E39062A-C0B1-41D6-ABFA-58B6A1D0D957}.Release|x64.ActiveCfg = Release|Any CPU
		{2E39062A-C0B1-41D6-ABFA-58B6A1D0D957}.Release|x64.Build.0 = Release|Any CPU
		{2E39062A-C0B1-41D6-ABFA-58B6A1D0D957}.Release|x86.ActiveCfg = Release|Any CPU
		{2E39062A-C0B1-41D6-ABFA-58B6A1D0D957}.Release|x86.Build.0 = Release|Any CPU
		{BDC3FD1B-0C6D-4EF0-9003-0298DD0FAEDF}.Debug|Any CPU.ActiveCfg = Debug|Any CPU
		{BDC3FD1B-0C6D-4EF0-9003-0298DD0FAEDF}.Debug|Any CPU.Build.0 = Debug|Any CPU
		{BDC3FD1B-0C6D-4EF0-9003-0298DD0FAEDF}.Debug|x64.ActiveCfg = Debug|Any CPU
		{BDC3FD1B-0C6D-4EF0-9003-0298DD0FAEDF}.Debug|x64.Build.0 = Debug|Any CPU
		{BDC3FD1B-0C6D-4EF0-9003-0298DD0FAEDF}.Debug|x86.ActiveCfg = Debug|Any CPU
		{BDC3FD1B-0C6D-4EF0-9003-0298DD0FAEDF}.Debug|x86.Build.0 = Debug|Any CPU
		{BDC3FD1B-0C6D-4EF0-9003-0298DD0FAEDF}.Release|Any CPU.ActiveCfg = Release|Any CPU
		{BDC3FD1B-0C6D-4EF0-9003-0298DD0FAEDF}.Release|Any CPU.Build.0 = Release|Any CPU
		{BDC3FD1B-0C6D-4EF0-9003-0298DD0FAEDF}.Release|x64.ActiveCfg = Release|Any CPU
		{BDC3FD1B-0C6D-4EF0-9003-0298DD0FAEDF}.Release|x64.Build.0 = Release|Any CPU
		{BDC3FD1B-0C6D-4EF0-9003-0298DD0FAEDF}.Release|x86.ActiveCfg = Release|Any CPU
		{BDC3FD1B-0C6D-4EF0-9003-0298DD0FAEDF}.Release|x86.Build.0 = Release|Any CPU
	EndGlobalSection
	GlobalSection(SolutionProperties) = preSolution
		HideSolutionNode = FALSE
	EndGlobalSection
	GlobalSection(NestedProjects) = preSolution
		{065B139F-EA38-402B-846B-F814499950D6} = {827E0CD3-B72D-47B6-A68D-7590B98EB39B}
		{3E252D57-62D1-4564-8FE3-D57A8C47474F} = {827E0CD3-B72D-47B6-A68D-7590B98EB39B}
		{D7065102-C423-40A3-8732-09FDFC442CD9} = {827E0CD3-B72D-47B6-A68D-7590B98EB39B}
		{CF961EFD-ADB5-4AE0-B28B-3245807CA18D} = {827E0CD3-B72D-47B6-A68D-7590B98EB39B}
		{B405F1B7-B4B8-4959-A487-C1BB6E401C44} = {827E0CD3-B72D-47B6-A68D-7590B98EB39B}
		{8688D6B8-7CD4-48C3-A334-09173BB11951} = {0AB3BF05-4346-4AA6-1389-037BE0695223}
		{54C45772-2607-4567-BC5B-A003B362E053} = {0AB3BF05-4346-4AA6-1389-037BE0695223}
		{9766807E-D6EE-4FC5-9DFE-0D8C2B81F524} = {827E0CD3-B72D-47B6-A68D-7590B98EB39B}
		{417FF818-BF26-4530-810C-99CD4A11D090} = {0AB3BF05-4346-4AA6-1389-037BE0695223}
		{2E39062A-C0B1-41D6-ABFA-58B6A1D0D957} = {0AB3BF05-4346-4AA6-1389-037BE0695223}
		{BDC3FD1B-0C6D-4EF0-9003-0298DD0FAEDF} = {0AB3BF05-4346-4AA6-1389-037BE0695223}
	EndGlobalSection
EndGlobal
